// !$*UTF8*$!
{
	archiveVersion = 1;
	classes = {
	};
	objectVersion = 46;
	objects = {

/* Begin PBXBuildFile section */
		0A7FE2CC1A69FB4A00D5EE72 /* HomeViewController.m in Sources */ = {isa = PBXBuildFile; fileRef = 0A7FE2CB1A69FB4A00D5EE72 /* HomeViewController.m */; };
		0A8CF3651A6A293F005099AA /* CoreGraphics.framework in Frameworks */ = {isa = PBXBuildFile; fileRef = 0A8CF3641A6A293F005099AA /* CoreGraphics.framework */; };
		0A8CF36A1A6A2A91005099AA /* DrawViewController.m in Sources */ = {isa = PBXBuildFile; fileRef = 0A8CF3691A6A2A91005099AA /* DrawViewController.m */; };
		0A8CF36D1A6A42C2005099AA /* SmoothedBIView.m in Sources */ = {isa = PBXBuildFile; fileRef = 0A8CF36C1A6A42C2005099AA /* SmoothedBIView.m */; };
		0AAAA7E51A6A499000B52BFC /* MenuViewController.m in Sources */ = {isa = PBXBuildFile; fileRef = 0AAAA7E41A6A499000B52BFC /* MenuViewController.m */; };
		0AD226F81A6B131E00F9F9F1 /* DoneViewController.m in Sources */ = {isa = PBXBuildFile; fileRef = 0AD226F71A6B131E00F9F9F1 /* DoneViewController.m */; };
		5E8E70B31A69EAB6001340A4 /* main.m in Sources */ = {isa = PBXBuildFile; fileRef = 5E8E70B21A69EAB6001340A4 /* main.m */; };
		5E8E70B61A69EAB6001340A4 /* AppDelegate.m in Sources */ = {isa = PBXBuildFile; fileRef = 5E8E70B51A69EAB6001340A4 /* AppDelegate.m */; };
		5E8E70BC1A69EAB6001340A4 /* Main.storyboard in Resources */ = {isa = PBXBuildFile; fileRef = 5E8E70BA1A69EAB6001340A4 /* Main.storyboard */; };
		5E8E70BE1A69EAB6001340A4 /* Images.xcassets in Resources */ = {isa = PBXBuildFile; fileRef = 5E8E70BD1A69EAB6001340A4 /* Images.xcassets */; };
		5E8E70C11A69EAB6001340A4 /* LaunchScreen.xib in Resources */ = {isa = PBXBuildFile; fileRef = 5E8E70BF1A69EAB6001340A4 /* LaunchScreen.xib */; };
		5E8E70CD1A69EAB6001340A4 /* MagnetStylusTests.m in Sources */ = {isa = PBXBuildFile; fileRef = 5E8E70CC1A69EAB6001340A4 /* MagnetStylusTests.m */; };
		5E8E70DC1A6AE85B001340A4 /* UIBezierPathSerialization.m in Sources */ = {isa = PBXBuildFile; fileRef = 5E8E70DB1A6AE85B001340A4 /* UIBezierPathSerialization.m */; };
		BCAC108C1A6A20760069C35D /* Magnet.m in Sources */ = {isa = PBXBuildFile; fileRef = BCAC108B1A6A20760069C35D /* Magnet.m */; };
		BCAC108E1A6A23180069C35D /* CoreLocation.framework in Frameworks */ = {isa = PBXBuildFile; fileRef = BCAC108D1A6A23180069C35D /* CoreLocation.framework */; };
		BCAC10901A6A231D0069C35D /* Foundation.framework in Frameworks */ = {isa = PBXBuildFile; fileRef = BCAC108F1A6A231D0069C35D /* Foundation.framework */; };
		BCAC10921A6A23220069C35D /* UIKit.framework in Frameworks */ = {isa = PBXBuildFile; fileRef = BCAC10911A6A23220069C35D /* UIKit.framework */; };
		BCCBC76A1A6A3E500007B18D /* CalibrationView.m in Sources */ = {isa = PBXBuildFile; fileRef = BCCBC7691A6A3E500007B18D /* CalibrationView.m */; };
/* End PBXBuildFile section */

/* Begin PBXContainerItemProxy section */
		5E8E70C71A69EAB6001340A4 /* PBXContainerItemProxy */ = {
			isa = PBXContainerItemProxy;
			containerPortal = 5E8E70A51A69EAB6001340A4 /* Project object */;
			proxyType = 1;
			remoteGlobalIDString = 5E8E70AC1A69EAB6001340A4;
			remoteInfo = MagnetStylus;
		};
/* End PBXContainerItemProxy section */

/* Begin PBXFileReference section */
		0A7FE2CA1A69FB4A00D5EE72 /* HomeViewController.h */ = {isa = PBXFileReference; fileEncoding = 4; lastKnownFileType = sourcecode.c.h; path = HomeViewController.h; sourceTree = "<group>"; };
		0A7FE2CB1A69FB4A00D5EE72 /* HomeViewController.m */ = {isa = PBXFileReference; fileEncoding = 4; lastKnownFileType = sourcecode.c.objc; path = HomeViewController.m; sourceTree = "<group>"; };
		0A8CF3641A6A293F005099AA /* CoreGraphics.framework */ = {isa = PBXFileReference; lastKnownFileType = wrapper.framework; name = CoreGraphics.framework; path = System/Library/Frameworks/CoreGraphics.framework; sourceTree = SDKROOT; };
		0A8CF3681A6A2A91005099AA /* DrawViewController.h */ = {isa = PBXFileReference; fileEncoding = 4; lastKnownFileType = sourcecode.c.h; path = DrawViewController.h; sourceTree = "<group>"; };
		0A8CF3691A6A2A91005099AA /* DrawViewController.m */ = {isa = PBXFileReference; fileEncoding = 4; lastKnownFileType = sourcecode.c.objc; path = DrawViewController.m; sourceTree = "<group>"; };
		0A8CF36B1A6A42C2005099AA /* SmoothedBIView.h */ = {isa = PBXFileReference; fileEncoding = 4; lastKnownFileType = sourcecode.c.h; path = SmoothedBIView.h; sourceTree = "<group>"; };
		0A8CF36C1A6A42C2005099AA /* SmoothedBIView.m */ = {isa = PBXFileReference; fileEncoding = 4; lastKnownFileType = sourcecode.c.objc; path = SmoothedBIView.m; sourceTree = "<group>"; };
		0AAAA7E31A6A499000B52BFC /* MenuViewController.h */ = {isa = PBXFileReference; fileEncoding = 4; lastKnownFileType = sourcecode.c.h; path = MenuViewController.h; sourceTree = "<group>"; };
		0AAAA7E41A6A499000B52BFC /* MenuViewController.m */ = {isa = PBXFileReference; fileEncoding = 4; lastKnownFileType = sourcecode.c.objc; path = MenuViewController.m; sourceTree = "<group>"; };
		0AD226F61A6B131E00F9F9F1 /* DoneViewController.h */ = {isa = PBXFileReference; fileEncoding = 4; lastKnownFileType = sourcecode.c.h; path = DoneViewController.h; sourceTree = "<group>"; };
		0AD226F71A6B131E00F9F9F1 /* DoneViewController.m */ = {isa = PBXFileReference; fileEncoding = 4; lastKnownFileType = sourcecode.c.objc; path = DoneViewController.m; sourceTree = "<group>"; };
		5E8E70AD1A69EAB6001340A4 /* MagnetStylus.app */ = {isa = PBXFileReference; explicitFileType = wrapper.application; includeInIndex = 0; path = MagnetStylus.app; sourceTree = BUILT_PRODUCTS_DIR; };
		5E8E70B11A69EAB6001340A4 /* Info.plist */ = {isa = PBXFileReference; lastKnownFileType = text.plist.xml; path = Info.plist; sourceTree = "<group>"; };
		5E8E70B21A69EAB6001340A4 /* main.m */ = {isa = PBXFileReference; lastKnownFileType = sourcecode.c.objc; path = main.m; sourceTree = "<group>"; };
		5E8E70B41A69EAB6001340A4 /* AppDelegate.h */ = {isa = PBXFileReference; lastKnownFileType = sourcecode.c.h; path = AppDelegate.h; sourceTree = "<group>"; };
		5E8E70B51A69EAB6001340A4 /* AppDelegate.m */ = {isa = PBXFileReference; lastKnownFileType = sourcecode.c.objc; path = AppDelegate.m; sourceTree = "<group>"; };
		5E8E70BB1A69EAB6001340A4 /* Base */ = {isa = PBXFileReference; lastKnownFileType = file.storyboard; name = Base; path = Base.lproj/Main.storyboard; sourceTree = "<group>"; };
		5E8E70BD1A69EAB6001340A4 /* Images.xcassets */ = {isa = PBXFileReference; lastKnownFileType = folder.assetcatalog; path = Images.xcassets; sourceTree = "<group>"; };
		5E8E70C01A69EAB6001340A4 /* Base */ = {isa = PBXFileReference; lastKnownFileType = file.xib; name = Base; path = Base.lproj/LaunchScreen.xib; sourceTree = "<group>"; };
		5E8E70C61A69EAB6001340A4 /* MagnetStylusTests.xctest */ = {isa = PBXFileReference; explicitFileType = wrapper.cfbundle; includeInIndex = 0; path = MagnetStylusTests.xctest; sourceTree = BUILT_PRODUCTS_DIR; };
		5E8E70CB1A69EAB6001340A4 /* Info.plist */ = {isa = PBXFileReference; lastKnownFileType = text.plist.xml; path = Info.plist; sourceTree = "<group>"; };
		5E8E70CC1A69EAB6001340A4 /* MagnetStylusTests.m */ = {isa = PBXFileReference; lastKnownFileType = sourcecode.c.objc; path = MagnetStylusTests.m; sourceTree = "<group>"; };
		5E8E70DA1A6AE85B001340A4 /* UIBezierPathSerialization.h */ = {isa = PBXFileReference; fileEncoding = 4; lastKnownFileType = sourcecode.c.h; path = UIBezierPathSerialization.h; sourceTree = "<group>"; };
		5E8E70DB1A6AE85B001340A4 /* UIBezierPathSerialization.m */ = {isa = PBXFileReference; fileEncoding = 4; lastKnownFileType = sourcecode.c.objc; path = UIBezierPathSerialization.m; sourceTree = "<group>"; };
		BCAC108A1A6A20760069C35D /* Magnet.h */ = {isa = PBXFileReference; fileEncoding = 4; lastKnownFileType = sourcecode.c.h; path = Magnet.h; sourceTree = "<group>"; };
		BCAC108B1A6A20760069C35D /* Magnet.m */ = {isa = PBXFileReference; fileEncoding = 4; lastKnownFileType = sourcecode.c.objc; path = Magnet.m; sourceTree = "<group>"; };
		BCAC108D1A6A23180069C35D /* CoreLocation.framework */ = {isa = PBXFileReference; lastKnownFileType = wrapper.framework; name = CoreLocation.framework; path = System/Library/Frameworks/CoreLocation.framework; sourceTree = SDKROOT; };
		BCAC108F1A6A231D0069C35D /* Foundation.framework */ = {isa = PBXFileReference; lastKnownFileType = wrapper.framework; name = Foundation.framework; path = System/Library/Frameworks/Foundation.framework; sourceTree = SDKROOT; };
		BCAC10911A6A23220069C35D /* UIKit.framework */ = {isa = PBXFileReference; lastKnownFileType = wrapper.framework; name = UIKit.framework; path = System/Library/Frameworks/UIKit.framework; sourceTree = SDKROOT; };
		BCCBC7681A6A3E500007B18D /* CalibrationView.h */ = {isa = PBXFileReference; fileEncoding = 4; lastKnownFileType = sourcecode.c.h; path = CalibrationView.h; sourceTree = "<group>"; };
		BCCBC7691A6A3E500007B18D /* CalibrationView.m */ = {isa = PBXFileReference; fileEncoding = 4; lastKnownFileType = sourcecode.c.objc; path = CalibrationView.m; sourceTree = "<group>"; };
/* End PBXFileReference section */

/* Begin PBXFrameworksBuildPhase section */
		5E8E70AA1A69EAB6001340A4 /* Frameworks */ = {
			isa = PBXFrameworksBuildPhase;
			buildActionMask = 2147483647;
			files = (
				BCAC10921A6A23220069C35D /* UIKit.framework in Frameworks */,
				BCAC10901A6A231D0069C35D /* Foundation.framework in Frameworks */,
				0A8CF3651A6A293F005099AA /* CoreGraphics.framework in Frameworks */,
				BCAC108E1A6A23180069C35D /* CoreLocation.framework in Frameworks */,
			);
			runOnlyForDeploymentPostprocessing = 0;
		};
		5E8E70C31A69EAB6001340A4 /* Frameworks */ = {
			isa = PBXFrameworksBuildPhase;
			buildActionMask = 2147483647;
			files = (
			);
			runOnlyForDeploymentPostprocessing = 0;
		};
/* End PBXFrameworksBuildPhase section */

/* Begin PBXGroup section */
		5E8E70A41A69EAB6001340A4 = {
			isa = PBXGroup;
			children = (
				BCAC10931A6A23290069C35D /* Frameworks */,
				5E8E70AF1A69EAB6001340A4 /* MagnetStylus */,
				5E8E70C91A69EAB6001340A4 /* MagnetStylusTests */,
				5E8E70AE1A69EAB6001340A4 /* Products */,
			);
			sourceTree = "<group>";
		};
		5E8E70AE1A69EAB6001340A4 /* Products */ = {
			isa = PBXGroup;
			children = (
				5E8E70AD1A69EAB6001340A4 /* MagnetStylus.app */,
				5E8E70C61A69EAB6001340A4 /* MagnetStylusTests.xctest */,
			);
			name = Products;
			sourceTree = "<group>";
		};
		5E8E70AF1A69EAB6001340A4 /* MagnetStylus */ = {
			isa = PBXGroup;
			children = (
				5E8E70B41A69EAB6001340A4 /* AppDelegate.h */,
				5E8E70B51A69EAB6001340A4 /* AppDelegate.m */,
				0A7FE2CA1A69FB4A00D5EE72 /* HomeViewController.h */,
				0A7FE2CB1A69FB4A00D5EE72 /* HomeViewController.m */,
				0AAAA7E31A6A499000B52BFC /* MenuViewController.h */,
				0AAAA7E41A6A499000B52BFC /* MenuViewController.m */,
				0A8CF3681A6A2A91005099AA /* DrawViewController.h */,
				0A8CF3691A6A2A91005099AA /* DrawViewController.m */,
				0AD226F61A6B131E00F9F9F1 /* DoneViewController.h */,
				0AD226F71A6B131E00F9F9F1 /* DoneViewController.m */,
				0A8CF36B1A6A42C2005099AA /* SmoothedBIView.h */,
				0A8CF36C1A6A42C2005099AA /* SmoothedBIView.m */,
				5E8E70BA1A69EAB6001340A4 /* Main.storyboard */,
				5E8E70BD1A69EAB6001340A4 /* Images.xcassets */,
				5E8E70BF1A69EAB6001340A4 /* LaunchScreen.xib */,
				5E8E70DA1A6AE85B001340A4 /* UIBezierPathSerialization.h */,
				5E8E70DB1A6AE85B001340A4 /* UIBezierPathSerialization.m */,
				5E8E70B01A69EAB6001340A4 /* Supporting Files */,
				BCAC108A1A6A20760069C35D /* Magnet.h */,
				BCAC108B1A6A20760069C35D /* Magnet.m */,
				BCCBC7681A6A3E500007B18D /* CalibrationView.h */,
				BCCBC7691A6A3E500007B18D /* CalibrationView.m */,
			);
			path = MagnetStylus;
			sourceTree = "<group>";
		};
		5E8E70B01A69EAB6001340A4 /* Supporting Files */ = {
			isa = PBXGroup;
			children = (
				5E8E70B11A69EAB6001340A4 /* Info.plist */,
				5E8E70B21A69EAB6001340A4 /* main.m */,
			);
			name = "Supporting Files";
			sourceTree = "<group>";
		};
		5E8E70C91A69EAB6001340A4 /* MagnetStylusTests */ = {
			isa = PBXGroup;
			children = (
				5E8E70CC1A69EAB6001340A4 /* MagnetStylusTests.m */,
				5E8E70CA1A69EAB6001340A4 /* Supporting Files */,
			);
			path = MagnetStylusTests;
			sourceTree = "<group>";
		};
		5E8E70CA1A69EAB6001340A4 /* Supporting Files */ = {
			isa = PBXGroup;
			children = (
				5E8E70CB1A69EAB6001340A4 /* Info.plist */,
			);
			name = "Supporting Files";
			sourceTree = "<group>";
		};
		BCAC10931A6A23290069C35D /* Frameworks */ = {
			isa = PBXGroup;
			children = (
				BCAC10911A6A23220069C35D /* UIKit.framework */,
				BCAC108F1A6A231D0069C35D /* Foundation.framework */,
				0A8CF3641A6A293F005099AA /* CoreGraphics.framework */,
				BCAC108D1A6A23180069C35D /* CoreLocation.framework */,
			);
			name = Frameworks;
			sourceTree = "<group>";
		};
/* End PBXGroup section */

/* Begin PBXNativeTarget section */
		5E8E70AC1A69EAB6001340A4 /* MagnetStylus */ = {
			isa = PBXNativeTarget;
			buildConfigurationList = 5E8E70D01A69EAB6001340A4 /* Build configuration list for PBXNativeTarget "MagnetStylus" */;
			buildPhases = (
				5E8E70A91A69EAB6001340A4 /* Sources */,
				5E8E70AA1A69EAB6001340A4 /* Frameworks */,
				5E8E70AB1A69EAB6001340A4 /* Resources */,
			);
			buildRules = (
			);
			dependencies = (
			);
			name = MagnetStylus;
			productName = MagnetStylus;
			productReference = 5E8E70AD1A69EAB6001340A4 /* MagnetStylus.app */;
			productType = "com.apple.product-type.application";
		};
		5E8E70C51A69EAB6001340A4 /* MagnetStylusTests */ = {
			isa = PBXNativeTarget;
			buildConfigurationList = 5E8E70D31A69EAB6001340A4 /* Build configuration list for PBXNativeTarget "MagnetStylusTests" */;
			buildPhases = (
				5E8E70C21A69EAB6001340A4 /* Sources */,
				5E8E70C31A69EAB6001340A4 /* Frameworks */,
				5E8E70C41A69EAB6001340A4 /* Resources */,
			);
			buildRules = (
			);
			dependencies = (
				5E8E70C81A69EAB6001340A4 /* PBXTargetDependency */,
			);
			name = MagnetStylusTests;
			productName = MagnetStylusTests;
			productReference = 5E8E70C61A69EAB6001340A4 /* MagnetStylusTests.xctest */;
			productType = "com.apple.product-type.bundle.unit-test";
		};
/* End PBXNativeTarget section */

/* Begin PBXProject section */
		5E8E70A51A69EAB6001340A4 /* Project object */ = {
			isa = PBXProject;
			attributes = {
				LastUpgradeCheck = 0610;
				ORGANIZATIONNAME = PennAppsTeam2015;
				TargetAttributes = {
					5E8E70AC1A69EAB6001340A4 = {
						CreatedOnToolsVersion = 6.1.1;
						DevelopmentTeam = K68L32QYS3;
					};
					5E8E70C51A69EAB6001340A4 = {
						CreatedOnToolsVersion = 6.1.1;
						TestTargetID = 5E8E70AC1A69EAB6001340A4;
					};
				};
			};
			buildConfigurationList = 5E8E70A81A69EAB6001340A4 /* Build configuration list for PBXProject "MagnetStylus" */;
			compatibilityVersion = "Xcode 3.2";
			developmentRegion = English;
			hasScannedForEncodings = 0;
			knownRegions = (
				en,
				Base,
				he,
			);
			mainGroup = 5E8E70A41A69EAB6001340A4;
			productRefGroup = 5E8E70AE1A69EAB6001340A4 /* Products */;
			projectDirPath = "";
			projectRoot = "";
			targets = (
				5E8E70AC1A69EAB6001340A4 /* MagnetStylus */,
				5E8E70C51A69EAB6001340A4 /* MagnetStylusTests */,
			);
		};
/* End PBXProject section */

/* Begin PBXResourcesBuildPhase section */
		5E8E70AB1A69EAB6001340A4 /* Resources */ = {
			isa = PBXResourcesBuildPhase;
			buildActionMask = 2147483647;
			files = (
				5E8E70BC1A69EAB6001340A4 /* Main.storyboard in Resources */,
				5E8E70C11A69EAB6001340A4 /* LaunchScreen.xib in Resources */,
				5E8E70BE1A69EAB6001340A4 /* Images.xcassets in Resources */,
			);
			runOnlyForDeploymentPostprocessing = 0;
		};
		5E8E70C41A69EAB6001340A4 /* Resources */ = {
			isa = PBXResourcesBuildPhase;
			buildActionMask = 2147483647;
			files = (
			);
			runOnlyForDeploymentPostprocessing = 0;
		};
/* End PBXResourcesBuildPhase section */

/* Begin PBXSourcesBuildPhase section */
		5E8E70A91A69EAB6001340A4 /* Sources */ = {
			isa = PBXSourcesBuildPhase;
			buildActionMask = 2147483647;
			files = (
				BCAC108C1A6A20760069C35D /* Magnet.m in Sources */,
				0AD226F81A6B131E00F9F9F1 /* DoneViewController.m in Sources */,
				0A8CF36A1A6A2A91005099AA /* DrawViewController.m in Sources */,
				0AAAA7E51A6A499000B52BFC /* MenuViewController.m in Sources */,
				5E8E70B61A69EAB6001340A4 /* AppDelegate.m in Sources */,
				5E8E70B31A69EAB6001340A4 /* main.m in Sources */,
				BCCBC76A1A6A3E500007B18D /* CalibrationView.m in Sources */,
				0A7FE2CC1A69FB4A00D5EE72 /* HomeViewController.m in Sources */,
				5E8E70DC1A6AE85B001340A4 /* UIBezierPathSerialization.m in Sources */,
				0A8CF36D1A6A42C2005099AA /* SmoothedBIView.m in Sources */,
			);
			runOnlyForDeploymentPostprocessing = 0;
		};
		5E8E70C21A69EAB6001340A4 /* Sources */ = {
			isa = PBXSourcesBuildPhase;
			buildActionMask = 2147483647;
			files = (
				5E8E70CD1A69EAB6001340A4 /* MagnetStylusTests.m in Sources */,
			);
			runOnlyForDeploymentPostprocessing = 0;
		};
/* End PBXSourcesBuildPhase section */

/* Begin PBXTargetDependency section */
		5E8E70C81A69EAB6001340A4 /* PBXTargetDependency */ = {
			isa = PBXTargetDependency;
			target = 5E8E70AC1A69EAB6001340A4 /* MagnetStylus */;
			targetProxy = 5E8E70C71A69EAB6001340A4 /* PBXContainerItemProxy */;
		};
/* End PBXTargetDependency section */

/* Begin PBXVariantGroup section */
		5E8E70BA1A69EAB6001340A4 /* Main.storyboard */ = {
			isa = PBXVariantGroup;
			children = (
				5E8E70BB1A69EAB6001340A4 /* Base */,
			);
			name = Main.storyboard;
			sourceTree = "<group>";
		};
		5E8E70BF1A69EAB6001340A4 /* LaunchScreen.xib */ = {
			isa = PBXVariantGroup;
			children = (
				5E8E70C01A69EAB6001340A4 /* Base */,
			);
			name = LaunchScreen.xib;
			sourceTree = "<group>";
		};
/* End PBXVariantGroup section */

/* Begin XCBuildConfiguration section */
		5E8E70CE1A69EAB6001340A4 /* Debug */ = {
			isa = XCBuildConfiguration;
			buildSettings = {
				ALWAYS_SEARCH_USER_PATHS = NO;
				CLANG_CXX_LANGUAGE_STANDARD = "gnu++0x";
				CLANG_CXX_LIBRARY = "libc++";
				CLANG_ENABLE_MODULES = YES;
				CLANG_ENABLE_OBJC_ARC = YES;
				CLANG_WARN_BOOL_CONVERSION = YES;
				CLANG_WARN_CONSTANT_CONVERSION = YES;
				CLANG_WARN_DIRECT_OBJC_ISA_USAGE = YES_ERROR;
				CLANG_WARN_EMPTY_BODY = YES;
				CLANG_WARN_ENUM_CONVERSION = YES;
				CLANG_WARN_INT_CONVERSION = YES;
				CLANG_WARN_OBJC_ROOT_CLASS = YES_ERROR;
				CLANG_WARN_UNREACHABLE_CODE = YES;
				CLANG_WARN__DUPLICATE_METHOD_MATCH = YES;
				"CODE_SIGN_IDENTITY[sdk=iphoneos*]" = "iPhone Developer";
				COPY_PHASE_STRIP = NO;
				ENABLE_STRICT_OBJC_MSGSEND = YES;
				GCC_C_LANGUAGE_STANDARD = gnu99;
				GCC_DYNAMIC_NO_PIC = NO;
				GCC_OPTIMIZATION_LEVEL = 0;
				GCC_PREPROCESSOR_DEFINITIONS = (
					"DEBUG=1",
					"$(inherited)",
				);
				GCC_SYMBOLS_PRIVATE_EXTERN = NO;
				GCC_WARN_64_TO_32_BIT_CONVERSION = YES;
				GCC_WARN_ABOUT_RETURN_TYPE = YES_ERROR;
				GCC_WARN_UNDECLARED_SELECTOR = YES;
				GCC_WARN_UNINITIALIZED_AUTOS = YES_AGGRESSIVE;
				GCC_WARN_UNUSED_FUNCTION = YES;
				GCC_WARN_UNUSED_VARIABLE = YES;
				IPHONEOS_DEPLOYMENT_TARGET = 8.1;
				MTL_ENABLE_DEBUG_INFO = YES;
				ONLY_ACTIVE_ARCH = YES;
				SDKROOT = iphoneos;
			};
			name = Debug;
		};
		5E8E70CF1A69EAB6001340A4 /* Release */ = {
			isa = XCBuildConfiguration;
			buildSettings = {
				ALWAYS_SEARCH_USER_PATHS = NO;
				CLANG_CXX_LANGUAGE_STANDARD = "gnu++0x";
				CLANG_CXX_LIBRARY = "libc++";
				CLANG_ENABLE_MODULES = YES;
				CLANG_ENABLE_OBJC_ARC = YES;
				CLANG_WARN_BOOL_CONVERSION = YES;
				CLANG_WARN_CONSTANT_CONVERSION = YES;
				CLANG_WARN_DIRECT_OBJC_ISA_USAGE = YES_ERROR;
				CLANG_WARN_EMPTY_BODY = YES;
				CLANG_WARN_ENUM_CONVERSION = YES;
				CLANG_WARN_INT_CONVERSION = YES;
				CLANG_WARN_OBJC_ROOT_CLASS = YES_ERROR;
				CLANG_WARN_UNREACHABLE_CODE = YES;
				CLANG_WARN__DUPLICATE_METHOD_MATCH = YES;
				"CODE_SIGN_IDENTITY[sdk=iphoneos*]" = "iPhone Developer";
				COPY_PHASE_STRIP = YES;
				ENABLE_NS_ASSERTIONS = NO;
				ENABLE_STRICT_OBJC_MSGSEND = YES;
				GCC_C_LANGUAGE_STANDARD = gnu99;
				GCC_WARN_64_TO_32_BIT_CONVERSION = YES;
				GCC_WARN_ABOUT_RETURN_TYPE = YES_ERROR;
				GCC_WARN_UNDECLARED_SELECTOR = YES;
				GCC_WARN_UNINITIALIZED_AUTOS = YES_AGGRESSIVE;
				GCC_WARN_UNUSED_FUNCTION = YES;
				GCC_WARN_UNUSED_VARIABLE = YES;
				IPHONEOS_DEPLOYMENT_TARGET = 8.1;
				MTL_ENABLE_DEBUG_INFO = NO;
				SDKROOT = iphoneos;
				VALIDATE_PRODUCT = YES;
			};
			name = Release;
		};
		5E8E70D11A69EAB6001340A4 /* Debug */ = {
			isa = XCBuildConfiguration;
			buildSettings = {
				ASSETCATALOG_COMPILER_APPICON_NAME = AppIcon;
				CODE_SIGN_IDENTITY = "iPhone Developer";
				"CODE_SIGN_IDENTITY[sdk=iphoneos*]" = "iPhone Developer";
				FRAMEWORK_SEARCH_PATHS = (
					"$(inherited)",
					"$(PROJECT_DIR)/FacebookSDK",
					"$(PROJECT_DIR)/FacebookSDK/FBAudienceNetwork",
				);
				INFOPLIST_FILE = MagnetStylus/Info.plist;
				IPHONEOS_DEPLOYMENT_TARGET = 7.0;
				LD_RUNPATH_SEARCH_PATHS = "$(inherited) @executable_path/Frameworks";
				PRODUCT_NAME = "$(TARGET_NAME)";
				PROVISIONING_PROFILE = "";
			};
			name = Debug;
		};
		5E8E70D21A69EAB6001340A4 /* Release */ = {
			isa = XCBuildConfiguration;
			buildSettings = {
				ASSETCATALOG_COMPILER_APPICON_NAME = AppIcon;
				CODE_SIGN_IDENTITY = "iPhone Developer";
				"CODE_SIGN_IDENTITY[sdk=iphoneos*]" = "iPhone Developer";
				FRAMEWORK_SEARCH_PATHS = (
					"$(inherited)",
					"$(PROJECT_DIR)/FacebookSDK",
					"$(PROJECT_DIR)/FacebookSDK/FBAudienceNetwork",
				);
				INFOPLIST_FILE = MagnetStylus/Info.plist;
				IPHONEOS_DEPLOYMENT_TARGET = 7.0;
				LD_RUNPATH_SEARCH_PATHS = "$(inherited) @executable_path/Frameworks";
				PRODUCT_NAME = "$(TARGET_NAME)";
				PROVISIONING_PROFILE = "";
			};
			name = Release;
		};
		5E8E70D41A69EAB6001340A4 /* Debug */ = {
			isa = XCBuildConfiguration;
			buildSettings = {
				BUNDLE_LOADER = "$(TEST_HOST)";
				FRAMEWORK_SEARCH_PATHS = (
					"$(SDKROOT)/Developer/Library/Frameworks",
					"$(inherited)",
				);
				GCC_PREPROCESSOR_DEFINITIONS = (
					"DEBUG=1",
					"$(inherited)",
				);
				INFOPLIST_FILE = MagnetStylusTests/Info.plist;
				LD_RUNPATH_SEARCH_PATHS = "$(inherited) @executable_path/Frameworks @loader_path/Frameworks";
				PRODUCT_NAME = "$(TARGET_NAME)";
				TEST_HOST = "$(BUILT_PRODUCTS_DIR)/MagnetStylus.app/MagnetStylus";
			};
			name = Debug;
		};
		5E8E70D51A69EAB6001340A4 /* Release */ = {
			isa = XCBuildConfiguration;
			buildSettings = {
				BUNDLE_LOADER = "$(TEST_HOST)";
				FRAMEWORK_SEARCH_PATHS = (
					"$(SDKROOT)/Developer/Library/Frameworks",
					"$(inherited)",
				);
				INFOPLIST_FILE = MagnetStylusTests/Info.plist;
				LD_RUNPATH_SEARCH_PATHS = "$(inherited) @executable_path/Frameworks @loader_path/Frameworks";
				PRODUCT_NAME = "$(TARGET_NAME)";
				TEST_HOST = "$(BUILT_PRODUCTS_DIR)/MagnetStylus.app/MagnetStylus";
			};
			name = Release;
		};
/* End XCBuildConfiguration section */

/* Begin XCConfigurationList section */
		5E8E70A81A69EAB6001340A4 /* Build configuration list for PBXProject "MagnetStylus" */ = {
			isa = XCConfigurationList;
			buildConfigurations = (
				5E8E70CE1A69EAB6001340A4 /* Debug */,
				5E8E70CF1A69EAB6001340A4 /* Release */,
			);
			defaultConfigurationIsVisible = 0;
			defaultConfigurationName = Release;
		};
		5E8E70D01A69EAB6001340A4 /* Build configuration list for PBXNativeTarget "MagnetStylus" */ = {
			isa = XCConfigurationList;
			buildConfigurations = (
				5E8E70D11A69EAB6001340A4 /* Debug */,
				5E8E70D21A69EAB6001340A4 /* Release */,
			);
			defaultConfigurationIsVisible = 0;
			defaultConfigurationName = Release;
		};
		5E8E70D31A69EAB6001340A4 /* Build configuration list for PBXNativeTarget "MagnetStylusTests" */ = {
			isa = XCConfigurationList;
			buildConfigurations = (
				5E8E70D41A69EAB6001340A4 /* Debug */,
				5E8E70D51A69EAB6001340A4 /* Release */,
			);
			defaultConfigurationIsVisible = 0;
			defaultConfigurationName = Release;
		};
/* End XCConfigurationList section */
	};
	rootObject = 5E8E70A51A69EAB6001340A4 /* Project object */;
}
